# THIS IS AN AUTOGENERATED FILE. DO NOT EDIT THIS FILE DIRECTLY.
# yarn lockfile v1


"@babel/runtime@^7.13.10":
  version "7.20.1"
  resolved "https://registry.yarnpkg.com/@babel/runtime/-/runtime-7.20.1.tgz#1148bb33ab252b165a06698fde7576092a78b4a9"
  integrity sha512-mrzLkl6U9YLF8qpqI7TB82PESyEGjm/0Ly91jG575eVxMMlb8fYfOXFZIJ8XfLrJZQbm7dlKry2bJmXBUEkdFg==
  dependencies:
    regenerator-runtime "^0.13.10"

"@floating-ui/core@^0.7.3":
  version "0.7.3"
  resolved "https://registry.yarnpkg.com/@floating-ui/core/-/core-0.7.3.tgz#d274116678ffae87f6b60e90f88cc4083eefab86"
  integrity sha512-buc8BXHmG9l82+OQXOFU3Kr2XQx9ys01U/Q9HMIrZ300iLc8HLMgh7dcCqgYzAzf4BkoQvDcXf5Y+CuEZ5JBYg==

"@floating-ui/dom@^0.5.3":
  version "0.5.4"
  resolved "https://registry.yarnpkg.com/@floating-ui/dom/-/dom-0.5.4.tgz#4eae73f78bcd4bd553ae2ade30e6f1f9c73fe3f1"
  integrity sha512-419BMceRLq0RrmTSDxn8hf9R3VCJv2K9PUfugh5JyEFmdjzDo+e8U5EdR8nzKq8Yj1htzLm3b6eQEEam3/rrtg==
  dependencies:
    "@floating-ui/core" "^0.7.3"

"@floating-ui/react-dom@0.7.2":
  version "0.7.2"
  resolved "https://registry.yarnpkg.com/@floating-ui/react-dom/-/react-dom-0.7.2.tgz#0bf4ceccb777a140fc535c87eb5d6241c8e89864"
  integrity sha512-1T0sJcpHgX/u4I1OzIEhlcrvkUN8ln39nz7fMoE/2HDHrPiMFoOGR7++GYyfUmIQHkkrTinaeQsO3XWubjSvGg==
  dependencies:
    "@floating-ui/dom" "^0.5.3"
    use-isomorphic-layout-effect "^1.1.1"

"@next/env@13.0.2":
  version "13.0.2"
  resolved "https://registry.yarnpkg.com/@next/env/-/env-13.0.2.tgz#5fbd7b4146175ae406edfb4a38b62de8c880c09d"
  integrity sha512-Qb6WPuRriGIQ19qd6NBxpcrFOfj8ziN7l9eZUfwff5gl4zLXluqtuZPddYZM/oWjN53ZYcuRXzL+oowKyJeYtA==

"@next/font@^13.0.2":
  version "13.0.2"
  resolved "https://registry.yarnpkg.com/@next/font/-/font-13.0.2.tgz#509467d6e4a04b67de2e5f21fd682227c2240cdb"
  integrity sha512-tLbyZCA1uF8HjbUEN5c4zB453yEzt5aT9VDhXPw1/eJhX4U0Q4lD3s3Bs+gpCjuLrEgILd56jQuzxgrMnWHH8A==

"@next/swc-android-arm-eabi@13.0.2":
  version "13.0.2"
  resolved "https://registry.yarnpkg.com/@next/swc-android-arm-eabi/-/swc-android-arm-eabi-13.0.2.tgz#66669b8aab5062f554b8e9905d855679aabf0342"
  integrity sha512-X54UQCTFyOGnJP//Z71dPPlp4BCYcQL2ncikKXQcPzVpqPs4C3m+tKC8ivBNH6edAXkppwsLRz1/yQwgSZ9Swg==

"@next/swc-android-arm64@13.0.2":
  version "13.0.2"
  resolved "https://registry.yarnpkg.com/@next/swc-android-arm64/-/swc-android-arm64-13.0.2.tgz#c0641d30525e0fb22bf1e2baf6c461d2d9e52f1a"
  integrity sha512-1P00Kv8uKaLubqo7JzPrTqgFAzSOmfb8iwqJrOb9in5IvTRtNGlkR4hU0sXzqbQNM/+SaYxze6Z5ry1IDyb/cQ==

"@next/swc-darwin-arm64@13.0.2":
  version "13.0.2"
  resolved "https://registry.yarnpkg.com/@next/swc-darwin-arm64/-/swc-darwin-arm64-13.0.2.tgz#d7e01a33393e83456dbfdc41446bb8a923968ff7"
  integrity sha512-1zGIOkInkOLRv0QQGZ+3wffYsyKI4vIy62LYTvDWUn7TAYqnmXwougp9NSLqDeagLwgsv2URrykyAFixA/YqxA==

"@next/swc-darwin-x64@13.0.2":
  version "13.0.2"
  resolved "https://registry.yarnpkg.com/@next/swc-darwin-x64/-/swc-darwin-x64-13.0.2.tgz#d4a3fbe51edf871a675d89a7afdc78174d1e5841"
  integrity sha512-ECDAjoMP1Y90cARaelS6X+k6BQx+MikAYJ8f/eaJrLur44NIOYc9HA/dgcTp5jenguY4yT8V+HCquLjAVle6fA==

"@next/swc-freebsd-x64@13.0.2":
  version "13.0.2"
  resolved "https://registry.yarnpkg.com/@next/swc-freebsd-x64/-/swc-freebsd-x64-13.0.2.tgz#1b54c3f38d3b36f86663a8dfcc81ea05e01f5172"
  integrity sha512-2DcL/ofQdBnQX3IoI9sjlIAyLCD1oZoUBuhrhWbejvBQjutWrI0JTEv9uG69WcxWhVMm3BCsjv8GK2/68OKp7A==

"@next/swc-linux-arm-gnueabihf@13.0.2":
  version "13.0.2"
  resolved "https://registry.yarnpkg.com/@next/swc-linux-arm-gnueabihf/-/swc-linux-arm-gnueabihf-13.0.2.tgz#18495cff32c0b2182cfbf677614219d7072214da"
  integrity sha512-Y3OQF1CSBSWW2vGkmvOIuOUNqOq8qX7f1ZpcKUVWP3/Uq++DZmVi9d18lgnSe1I3QFqc+nXWyun9ljsN83j0sw==

"@next/swc-linux-arm64-gnu@13.0.2":
  version "13.0.2"
  resolved "https://registry.yarnpkg.com/@next/swc-linux-arm64-gnu/-/swc-linux-arm64-gnu-13.0.2.tgz#5fb2563651166c3c6f32bf9e2f9cc6a16a9ef783"
  integrity sha512-mNyzwsFF6kwZYEjnGicx9ksDZYEZvyzEc1BtCu8vdZi/v8UeixQwCiAT6FyYX9uxMPEkzk8qiU0t0u9gvltsKw==

"@next/swc-linux-arm64-musl@13.0.2":
  version "13.0.2"
  resolved "https://registry.yarnpkg.com/@next/swc-linux-arm64-musl/-/swc-linux-arm64-musl-13.0.2.tgz#b9f33c5e17cfe04aa5769b717284cf80865761e6"
  integrity sha512-M6SdYjWgRrY3tJBxz0663zCRPTu5BRONmxlftKWWHv9LjAJ59neTLaGj4rp0A08DkJglZIoCkLOzLrzST6TGag==

"@next/swc-linux-x64-gnu@13.0.2":
  version "13.0.2"
  resolved "https://registry.yarnpkg.com/@next/swc-linux-x64-gnu/-/swc-linux-x64-gnu-13.0.2.tgz#29efcc2fd0122689d7e06c5b6b0883fe495db2bf"
  integrity sha512-pi63RoxvG4ES1KS06Zpm0MATVIXTs/TIbLbdckeLoM40u1d3mQl/+hSSrLRSxzc2OtyL8fh92sM4gkJrQXAMAw==

"@next/swc-linux-x64-musl@13.0.2":
  version "13.0.2"
  resolved "https://registry.yarnpkg.com/@next/swc-linux-x64-musl/-/swc-linux-x64-musl-13.0.2.tgz#d68fdf6eefc57813fa91559c7089b49d6131ecab"
  integrity sha512-9Pv91gfYnDONgjtRm78n64b/c54+azeHtlnqBLTnIFWSMBDRl1/WDkhKWIj3fBGPLimtK7Tko3ULR3og9RRUPw==

"@next/swc-win32-arm64-msvc@13.0.2":
  version "13.0.2"
  resolved "https://registry.yarnpkg.com/@next/swc-win32-arm64-msvc/-/swc-win32-arm64-msvc-13.0.2.tgz#acdcb3023045f60cca510f659a2349895e6405bd"
  integrity sha512-Nvewe6YZaizAkGHHprbMkYqQulBjZCHKBGKeFPwoPtOA+a2Qi4pZzc/qXFyC5/2A6Z0mr2U1zg9rd04WBYMwBw==

"@next/swc-win32-ia32-msvc@13.0.2":
  version "13.0.2"
  resolved "https://registry.yarnpkg.com/@next/swc-win32-ia32-msvc/-/swc-win32-ia32-msvc-13.0.2.tgz#a78ee9211471768febac9df915c2a8dbbcd05e41"
  integrity sha512-ZUBYGZw5G3QrqDpRq1EWi3aHmvPZM8ijK5TFL6UbH16cYQ0JpANmuG2P66KB93Qe/lWWzbeAZk/tj1XqwoCuPA==

"@next/swc-win32-x64-msvc@13.0.2":
  version "13.0.2"
  resolved "https://registry.yarnpkg.com/@next/swc-win32-x64-msvc/-/swc-win32-x64-msvc-13.0.2.tgz#e86c2de910cd68a17974db5556d4588737412c68"
  integrity sha512-fA9uW1dm7C0mEYGcKlbmLcVm2sKcye+1kPxh2cM4jVR+kQQMtHWsjIzeSpe2grQLSDan06z4n6hbr8b1c3hA8w==

"@radix-ui/primitive@1.0.0":
  version "1.0.0"
  resolved "https://registry.yarnpkg.com/@radix-ui/primitive/-/primitive-1.0.0.tgz#e1d8ef30b10ea10e69c76e896f608d9276352253"
  integrity sha512-3e7rn8FDMin4CgeL7Z/49smCA3rFYY3Ha2rUQ7HRWFadS5iCRw08ZgVT1LaNTCNqgvrUiyczLflrVrF0SRQtNA==
  dependencies:
    "@babel/runtime" "^7.13.10"

"@radix-ui/react-arrow@1.0.1":
  version "1.0.1"
  resolved "https://registry.yarnpkg.com/@radix-ui/react-arrow/-/react-arrow-1.0.1.tgz#5246adf79e97f89e819af68da51ddcf349ecf1c4"
  integrity sha512-1yientwXqXcErDHEv8av9ZVNEBldH8L9scVR3is20lL+jOCfcJyMFZFEY5cgIrgexsq1qggSXqiEL/d/4f+QXA==
  dependencies:
    "@babel/runtime" "^7.13.10"
    "@radix-ui/react-primitive" "1.0.1"

"@radix-ui/react-compose-refs@1.0.0":
  version "1.0.0"
  resolved "https://registry.yarnpkg.com/@radix-ui/react-compose-refs/-/react-compose-refs-1.0.0.tgz#37595b1f16ec7f228d698590e78eeed18ff218ae"
  integrity sha512-0KaSv6sx787/hK3eF53iOkiSLwAGlFMx5lotrqD2pTjB18KbybKoEIgkNZTKC60YECDQTKGTRcDBILwZVqVKvA==
  dependencies:
    "@babel/runtime" "^7.13.10"

"@radix-ui/react-context@1.0.0":
  version "1.0.0"
  resolved "https://registry.yarnpkg.com/@radix-ui/react-context/-/react-context-1.0.0.tgz#f38e30c5859a9fb5e9aa9a9da452ee3ed9e0aee0"
  integrity sha512-1pVM9RfOQ+n/N5PJK33kRSKsr1glNxomxONs5c49MliinBY6Yw2Q995qfBUUo0/Mbg05B/sGA0gkgPI7kmSHBg==
  dependencies:
    "@babel/runtime" "^7.13.10"

"@radix-ui/react-dismissable-layer@1.0.2":
  version "1.0.2"
  resolved "https://registry.yarnpkg.com/@radix-ui/react-dismissable-layer/-/react-dismissable-layer-1.0.2.tgz#f04d1061bddf00b1ca304148516b9ddc62e45fb2"
  integrity sha512-WjJzMrTWROozDqLB0uRWYvj4UuXsM/2L19EmQ3Au+IJWqwvwq9Bwd+P8ivo0Deg9JDPArR1I6MbWNi1CmXsskg==
  dependencies:
    "@babel/runtime" "^7.13.10"
    "@radix-ui/primitive" "1.0.0"
    "@radix-ui/react-compose-refs" "1.0.0"
    "@radix-ui/react-primitive" "1.0.1"
    "@radix-ui/react-use-callback-ref" "1.0.0"
    "@radix-ui/react-use-escape-keydown" "1.0.2"

"@radix-ui/react-icons@^1.1.1":
  version "1.1.1"
  resolved "https://registry.yarnpkg.com/@radix-ui/react-icons/-/react-icons-1.1.1.tgz#38d2aa548035dd3b799c169bd17177b1cec3152b"
  integrity sha512-xc3wQC59rsFylVbSusQCrrM+6695ppF730Q6yqzhRdqDcRNWIm2R6ngpzBoSOQMcwnq4p805F+Gr7xo4fmtN1A==

"@radix-ui/react-id@1.0.0":
  version "1.0.0"
  resolved "https://registry.yarnpkg.com/@radix-ui/react-id/-/react-id-1.0.0.tgz#8d43224910741870a45a8c9d092f25887bb6d11e"
  integrity sha512-Q6iAB/U7Tq3NTolBBQbHTgclPmGWE3OlktGGqrClPozSw4vkQ1DfQAOtzgRPecKsMdJINE05iaoDUG8tRzCBjw==
  dependencies:
    "@babel/runtime" "^7.13.10"
    "@radix-ui/react-use-layout-effect" "1.0.0"

"@radix-ui/react-popper@1.0.1":
  version "1.0.1"
  resolved "https://registry.yarnpkg.com/@radix-ui/react-popper/-/react-popper-1.0.1.tgz#9fa8a6a493404afa225866a5cd75af23d141baa0"
  integrity sha512-J4Vj7k3k+EHNWgcKrE+BLlQfpewxA7Zd76h5I0bIa+/EqaIZ3DuwrbPj49O3wqN+STnXsBuxiHLiF0iU3yfovw==
  dependencies:
    "@babel/runtime" "^7.13.10"
    "@floating-ui/react-dom" "0.7.2"
    "@radix-ui/react-arrow" "1.0.1"
    "@radix-ui/react-compose-refs" "1.0.0"
    "@radix-ui/react-context" "1.0.0"
    "@radix-ui/react-primitive" "1.0.1"
    "@radix-ui/react-use-layout-effect" "1.0.0"
    "@radix-ui/react-use-rect" "1.0.0"
    "@radix-ui/react-use-size" "1.0.0"
    "@radix-ui/rect" "1.0.0"

"@radix-ui/react-portal@1.0.1":
  version "1.0.1"
  resolved "https://registry.yarnpkg.com/@radix-ui/react-portal/-/react-portal-1.0.1.tgz#169c5a50719c2bb0079cf4c91a27aa6d37e5dd33"
  integrity sha512-NY2vUWI5WENgAT1nfC6JS7RU5xRYBfjZVLq0HmgEN1Ezy3rk/UruMV4+Rd0F40PEaFC5SrLS1ixYvcYIQrb4Ig==
  dependencies:
    "@babel/runtime" "^7.13.10"
    "@radix-ui/react-primitive" "1.0.1"

"@radix-ui/react-presence@1.0.0":
  version "1.0.0"
  resolved "https://registry.yarnpkg.com/@radix-ui/react-presence/-/react-presence-1.0.0.tgz#814fe46df11f9a468808a6010e3f3ca7e0b2e84a"
  integrity sha512-A+6XEvN01NfVWiKu38ybawfHsBjWum42MRPnEuqPsBZ4eV7e/7K321B5VgYMPv3Xx5An6o1/l9ZuDBgmcmWK3w==
  dependencies:
    "@babel/runtime" "^7.13.10"
    "@radix-ui/react-compose-refs" "1.0.0"
    "@radix-ui/react-use-layout-effect" "1.0.0"

"@radix-ui/react-primitive@1.0.1":
  version "1.0.1"
  resolved "https://registry.yarnpkg.com/@radix-ui/react-primitive/-/react-primitive-1.0.1.tgz#c1ebcce283dd2f02e4fbefdaa49d1cb13dbc990a"
  integrity sha512-fHbmislWVkZaIdeF6GZxF0A/NH/3BjrGIYj+Ae6eTmTCr7EB0RQAAVEiqsXK6p3/JcRqVSBQoceZroj30Jj3XA==
  dependencies:
    "@babel/runtime" "^7.13.10"
    "@radix-ui/react-slot" "1.0.1"

"@radix-ui/react-slot@1.0.1":
  version "1.0.1"
  resolved "https://registry.yarnpkg.com/@radix-ui/react-slot/-/react-slot-1.0.1.tgz#e7868c669c974d649070e9ecbec0b367ee0b4d81"
  integrity sha512-avutXAFL1ehGvAXtPquu0YK5oz6ctS474iM3vNGQIkswrVhdrS52e3uoMQBzZhNRAIE0jBnUyXWNmSjGHhCFcw==
  dependencies:
    "@babel/runtime" "^7.13.10"
    "@radix-ui/react-compose-refs" "1.0.0"

"@radix-ui/react-tooltip@^1.0.2":
  version "1.0.2"
  resolved "https://registry.yarnpkg.com/@radix-ui/react-tooltip/-/react-tooltip-1.0.2.tgz#8e10b075767f785bf013146fdc954ac6885efda3"
  integrity sha512-11gUlok2rv5mu+KBtxniOKKNKjqC/uTbgFHWoQdbF46vMV+zjDaBvCtVDK9+MTddlpmlisGPGvvojX7Qm0yr+g==
  dependencies:
    "@babel/runtime" "^7.13.10"
    "@radix-ui/primitive" "1.0.0"
    "@radix-ui/react-compose-refs" "1.0.0"
    "@radix-ui/react-context" "1.0.0"
    "@radix-ui/react-dismissable-layer" "1.0.2"
    "@radix-ui/react-id" "1.0.0"
    "@radix-ui/react-popper" "1.0.1"
    "@radix-ui/react-portal" "1.0.1"
    "@radix-ui/react-presence" "1.0.0"
    "@radix-ui/react-primitive" "1.0.1"
    "@radix-ui/react-slot" "1.0.1"
    "@radix-ui/react-use-controllable-state" "1.0.0"
    "@radix-ui/react-visually-hidden" "1.0.1"

"@radix-ui/react-use-callback-ref@1.0.0":
  version "1.0.0"
  resolved "https://registry.yarnpkg.com/@radix-ui/react-use-callback-ref/-/react-use-callback-ref-1.0.0.tgz#9e7b8b6b4946fe3cbe8f748c82a2cce54e7b6a90"
  integrity sha512-GZtyzoHz95Rhs6S63D2t/eqvdFCm7I+yHMLVQheKM7nBD8mbZIt+ct1jz4536MDnaOGKIxynJ8eHTkVGVVkoTg==
  dependencies:
    "@babel/runtime" "^7.13.10"

"@radix-ui/react-use-controllable-state@1.0.0":
  version "1.0.0"
  resolved "https://registry.yarnpkg.com/@radix-ui/react-use-controllable-state/-/react-use-controllable-state-1.0.0.tgz#a64deaafbbc52d5d407afaa22d493d687c538b7f"
  integrity sha512-FohDoZvk3mEXh9AWAVyRTYR4Sq7/gavuofglmiXB2g1aKyboUD4YtgWxKj8O5n+Uak52gXQ4wKz5IFST4vtJHg==
  dependencies:
    "@babel/runtime" "^7.13.10"
    "@radix-ui/react-use-callback-ref" "1.0.0"

"@radix-ui/react-use-escape-keydown@1.0.2":
  version "1.0.2"
  resolved "https://registry.yarnpkg.com/@radix-ui/react-use-escape-keydown/-/react-use-escape-keydown-1.0.2.tgz#09ab6455ab240b4f0a61faf06d4e5132c4d639f6"
  integrity sha512-DXGim3x74WgUv+iMNCF+cAo8xUHHeqvjx8zs7trKf+FkQKPQXLk2sX7Gx1ysH7Q76xCpZuxIJE7HLPxRE+Q+GA==
  dependencies:
    "@babel/runtime" "^7.13.10"
    "@radix-ui/react-use-callback-ref" "1.0.0"

"@radix-ui/react-use-layout-effect@1.0.0":
  version "1.0.0"
  resolved "https://registry.yarnpkg.com/@radix-ui/react-use-layout-effect/-/react-use-layout-effect-1.0.0.tgz#2fc19e97223a81de64cd3ba1dc42ceffd82374dc"
  integrity sha512-6Tpkq+R6LOlmQb1R5NNETLG0B4YP0wc+klfXafpUCj6JGyaUc8il7/kUZ7m59rGbXGczE9Bs+iz2qloqsZBduQ==
  dependencies:
    "@babel/runtime" "^7.13.10"

"@radix-ui/react-use-rect@1.0.0":
  version "1.0.0"
  resolved "https://registry.yarnpkg.com/@radix-ui/react-use-rect/-/react-use-rect-1.0.0.tgz#b040cc88a4906b78696cd3a32b075ed5b1423b3e"
  integrity sha512-TB7pID8NRMEHxb/qQJpvSt3hQU4sqNPM1VCTjTRjEOa7cEop/QMuq8S6fb/5Tsz64kqSvB9WnwsDHtjnrM9qew==
  dependencies:
    "@babel/runtime" "^7.13.10"
    "@radix-ui/rect" "1.0.0"

"@radix-ui/react-use-size@1.0.0":
  version "1.0.0"
  resolved "https://registry.yarnpkg.com/@radix-ui/react-use-size/-/react-use-size-1.0.0.tgz#a0b455ac826749419f6354dc733e2ca465054771"
  integrity sha512-imZ3aYcoYCKhhgNpkNDh/aTiU05qw9hX+HHI1QDBTyIlcFjgeFlKKySNGMwTp7nYFLQg/j0VA2FmCY4WPDDHMg==
  dependencies:
    "@babel/runtime" "^7.13.10"
    "@radix-ui/react-use-layout-effect" "1.0.0"

"@radix-ui/react-visually-hidden@1.0.1":
  version "1.0.1"
  resolved "https://registry.yarnpkg.com/@radix-ui/react-visually-hidden/-/react-visually-hidden-1.0.1.tgz#9a4ac4fc97ae8d72a10e727f16b3121b5f0aa469"
  integrity sha512-K1hJcCMfWfiYUibRqf3V8r5Drpyf7rh44jnrwAbdvI5iCCijilBBeyQv9SKidYNZIopMdCyR9FnIjkHxHN0FcQ==
  dependencies:
    "@babel/runtime" "^7.13.10"
    "@radix-ui/react-primitive" "1.0.1"

"@radix-ui/rect@1.0.0":
  version "1.0.0"
  resolved "https://registry.yarnpkg.com/@radix-ui/rect/-/rect-1.0.0.tgz#0dc8e6a829ea2828d53cbc94b81793ba6383bf3c"
  integrity sha512-d0O68AYy/9oeEy1DdC07bz1/ZXX+DqCskRd3i4JzLSTXwefzaepQrKjXC7aNM8lTHjFLDO0pDgaEiQ7jEk+HVg==
  dependencies:
    "@babel/runtime" "^7.13.10"

"@swc/helpers@0.4.11":
  version "0.4.11"
  resolved "https://registry.yarnpkg.com/@swc/helpers/-/helpers-0.4.11.tgz#db23a376761b3d31c26502122f349a21b592c8de"
  integrity sha512-rEUrBSGIoSFuYxwBYtlUFMlE2CwGhmW+w9355/5oduSw8e5h2+Tj4UrAGNNgP9915++wj5vkQo0UuOBqOAq4nw==
  dependencies:
    tslib "^2.4.0"

"@types/node@18.11.9":
  version "18.11.9"
  resolved "https://registry.yarnpkg.com/@types/node/-/node-18.11.9.tgz#02d013de7058cea16d36168ef2fc653464cfbad4"
  integrity sha512-CRpX21/kGdzjOpFsZSkcrXMGIBWMGNIHXXBVFSH+ggkftxg+XYP20TESbh+zFvFj3EQOl5byk0HTRn1IL6hbqg==

"@types/prop-types@*":
  version "15.7.5"
  resolved "https://registry.yarnpkg.com/@types/prop-types/-/prop-types-15.7.5.tgz#5f19d2b85a98e9558036f6a3cacc8819420f05cf"
  integrity sha512-JCB8C6SnDoQf0cNycqd/35A7MjcnK+ZTqE7judS6o7utxUCg6imJg3QK2qzHKszlTjcj2cn+NwMB2i96ubpj7w==

"@types/react-dom@18.0.8":
  version "18.0.8"
  resolved "https://registry.yarnpkg.com/@types/react-dom/-/react-dom-18.0.8.tgz#d2606d855186cd42cc1b11e63a71c39525441685"
  integrity sha512-C3GYO0HLaOkk9dDAz3Dl4sbe4AKUGTCfFIZsz3n/82dPNN8Du533HzKatDxeUYWu24wJgMP1xICqkWk1YOLOIw==
  dependencies:
    "@types/react" "*"

"@types/react@*", "@types/react@18.0.25":
  version "18.0.25"
  resolved "https://registry.yarnpkg.com/@types/react/-/react-18.0.25.tgz#8b1dcd7e56fe7315535a4af25435e0bb55c8ae44"
  integrity sha512-xD6c0KDT4m7n9uD4ZHi02lzskaiqcBxf4zi+tXZY98a04wvc0hi/TcCPC2FOESZi51Nd7tlUeOJY8RofL799/g==
  dependencies:
    "@types/prop-types" "*"
    "@types/scheduler" "*"
    csstype "^3.0.2"

"@types/scheduler@*":
  version "0.16.2"
  resolved "https://registry.yarnpkg.com/@types/scheduler/-/scheduler-0.16.2.tgz#1a62f89525723dde24ba1b01b092bf5df8ad4d39"
  integrity sha512-hppQEBDmlwhFAXKJX2KnWLYu5yMfi91yazPb2l+lbJiwW+wdo1gNeRA+3RgNSO39WYX2euey41KEwnqesU2Jew==

anymatch@~3.1.2:
  version "3.1.2"
  resolved "https://registry.yarnpkg.com/anymatch/-/anymatch-3.1.2.tgz#c0557c096af32f106198f4f4e2a383537e378716"
  integrity sha512-P43ePfOAIupkguHUycrc4qJ9kz8ZiuOUijaETwX7THt0Y/GNK7v0aa8rY816xWjZ7rJdA5XdMcpVFTKMq+RvWg==
  dependencies:
    normalize-path "^3.0.0"
    picomatch "^2.0.4"

binary-extensions@^2.0.0:
  version "2.2.0"
  resolved "https://registry.yarnpkg.com/binary-extensions/-/binary-extensions-2.2.0.tgz#75f502eeaf9ffde42fc98829645be4ea76bd9e2d"
  integrity sha512-jDctJ/IVQbZoJykoeHbhXpOlNBqGNcwXJKJog42E5HDPUwQTSdjCHdihjj0DlnheQ7blbT6dHOafNAiS8ooQKA==

braces@~3.0.2:
  version "3.0.2"
  resolved "https://registry.yarnpkg.com/braces/-/braces-3.0.2.tgz#3454e1a462ee8d599e236df336cd9ea4f8afe107"
  integrity sha512-b8um+L1RzM3WDSzvhm6gIz1yfTbBt6YTlcEKAvsmqCZZFw46z626lVj9j1yEPW33H5H+lBQpZMP1k8l+78Ha0A==
  dependencies:
    fill-range "^7.0.1"

caniuse-lite@^1.0.30001406:
  version "1.0.30001430"
  resolved "https://registry.yarnpkg.com/caniuse-lite/-/caniuse-lite-1.0.30001430.tgz#638a8ae00b5a8a97e66ff43733b2701f81b101fa"
  integrity sha512-IB1BXTZKPDVPM7cnV4iaKaHxckvdr/3xtctB3f7Hmenx3qYBhGtTZ//7EllK66aKXW98Lx0+7Yr0kxBtIt3tzg==

"chokidar@>=3.0.0 <4.0.0":
  version "3.5.3"
  resolved "https://registry.yarnpkg.com/chokidar/-/chokidar-3.5.3.tgz#1cf37c8707b932bd1af1ae22c0432e2acd1903bd"
  integrity sha512-Dr3sfKRP6oTcjf2JmUmFJfeVMvXBdegxB0iVQ5eb2V10uFJUCAS8OByZdVAyVb8xXNz3GjjTgj9kLWsZTqE6kw==
  dependencies:
    anymatch "~3.1.2"
    braces "~3.0.2"
    glob-parent "~5.1.2"
    is-binary-path "~2.1.0"
    is-glob "~4.0.1"
    normalize-path "~3.0.0"
    readdirp "~3.6.0"
  optionalDependencies:
    fsevents "~2.3.2"

client-only@0.0.1:
  version "0.0.1"
  resolved "https://registry.yarnpkg.com/client-only/-/client-only-0.0.1.tgz#38bba5d403c41ab150bff64a95c85013cf73bca1"
  integrity sha512-IV3Ou0jSMzZrd3pZ48nLkT9DA7Ag1pnPzaiQhpW7c3RbcqqzvzzVu+L8gfqMp/8IM2MQtSiqaCxrrcfu8I8rMA==

csstype@^3.0.2:
  version "3.1.1"
  resolved "https://registry.yarnpkg.com/csstype/-/csstype-3.1.1.tgz#841b532c45c758ee546a11d5bd7b7b473c8c30b9"
  integrity sha512-DJR/VvkAvSZW9bTouZue2sSxDwdTN92uHjqeKVm+0dAqdfNykRzQ95tay8aXMBAAPpUiq4Qcug2L7neoRh2Egw==

fill-range@^7.0.1:
  version "7.0.1"
  resolved "https://registry.yarnpkg.com/fill-range/-/fill-range-7.0.1.tgz#1919a6a7c75fe38b2c7c77e5198535da9acdda40"
  integrity sha512-qOo9F+dMUmC2Lcb4BbVvnKJxTPjCm+RRpe4gDuGrzkL7mEVl/djYSu2OdQ2Pa302N4oqkSg9ir6jaLWJ2USVpQ==
  dependencies:
    to-regex-range "^5.0.1"

fsevents@~2.3.2:
  version "2.3.2"
  resolved "https://registry.yarnpkg.com/fsevents/-/fsevents-2.3.2.tgz#8a526f78b8fdf4623b709e0b975c52c24c02fd1a"
  integrity sha512-xiqMQR4xAeHTuB9uWm+fFRcIOgKBMiOBP+eXiyT7jsgVCq1bkVygt00oASowB7EdtpOHaaPgKt812P9ab+DDKA==

glob-parent@~5.1.2:
  version "5.1.2"
  resolved "https://registry.yarnpkg.com/glob-parent/-/glob-parent-5.1.2.tgz#869832c58034fe68a4093c17dc15e8340d8401c4"
  integrity sha512-AOIgSQCepiJYwP3ARnGx+5VnTu2HBYdzbGP45eLw1vr3zB3vZLeyed1sC9hnbcOc9/SrMyM5RPQrkGz4aS9Zow==
  dependencies:
    is-glob "^4.0.1"

immutable@^4.0.0:
  version "4.1.0"
  resolved "https://registry.yarnpkg.com/immutable/-/immutable-4.1.0.tgz#f795787f0db780183307b9eb2091fcac1f6fafef"
  integrity sha512-oNkuqVTA8jqG1Q6c+UglTOD1xhC1BtjKI7XkCXRkZHrN5m18/XsnUp8Q89GkQO/z+0WjonSvl0FLhDYftp46nQ==

is-binary-path@~2.1.0:
  version "2.1.0"
  resolved "https://registry.yarnpkg.com/is-binary-path/-/is-binary-path-2.1.0.tgz#ea1f7f3b80f064236e83470f86c09c254fb45b09"
  integrity sha512-ZMERYes6pDydyuGidse7OsHxtbI7WVeUEozgR/g7rd0xUimYNlvZRE/K2MgZTjWy725IfelLeVcEM97mmtRGXw==
  dependencies:
    binary-extensions "^2.0.0"

is-extglob@^2.1.1:
  version "2.1.1"
  resolved "https://registry.yarnpkg.com/is-extglob/-/is-extglob-2.1.1.tgz#a88c02535791f02ed37c76a1b9ea9773c833f8c2"
  integrity sha512-SbKbANkN603Vi4jEZv49LeVJMn4yGwsbzZworEoyEiutsN3nJYdbO36zfhGJ6QEDpOZIFkDtnq5JRxmvl3jsoQ==

is-glob@^4.0.1, is-glob@~4.0.1:
  version "4.0.3"
  resolved "https://registry.yarnpkg.com/is-glob/-/is-glob-4.0.3.tgz#64f61e42cbbb2eec2071a9dac0b28ba1e65d5084"
  integrity sha512-xelSayHH36ZgE7ZWhli7pW34hNbNl8Ojv5KVmkJD4hBdD3th8Tfk9vYasLM+mXWOZhFkgZfxhLSnrwRr4elSSg==
  dependencies:
    is-extglob "^2.1.1"

is-number@^7.0.0:
  version "7.0.0"
  resolved "https://registry.yarnpkg.com/is-number/-/is-number-7.0.0.tgz#7535345b896734d5f80c4d06c50955527a14f12b"
  integrity sha512-41Cifkg6e8TylSpdtTpeLVMqvSBEVzTttHvERD741+pnZ8ANv0004MRL43QKPDlK9cGvNp6NZWZUBlbGXYxxng==

"js-tokens@^3.0.0 || ^4.0.0":
  version "4.0.0"
  resolved "https://registry.yarnpkg.com/js-tokens/-/js-tokens-4.0.0.tgz#19203fb59991df98e3a287050d4647cdeaf32499"
  integrity sha512-RdJUflcE3cUzKiMqQgsCu06FPu9UdIJO0beYbPhHN4k6apgJtifcoCtT9bcxOpYBtpD2kCM6Sbzg4CausW/PKQ==

loose-envify@^1.1.0:
  version "1.4.0"
  resolved "https://registry.yarnpkg.com/loose-envify/-/loose-envify-1.4.0.tgz#71ee51fa7be4caec1a63839f7e682d8132d30caf"
  integrity sha512-lyuxPGr/Wfhrlem2CL/UcnUc1zcqKAImBDzukY7Y5F/yQiNdko6+fRLevlw1HgMySw7f611UIY408EtxRSoK3Q==
  dependencies:
    js-tokens "^3.0.0 || ^4.0.0"

nanoid@^3.3.4:
  version "3.3.4"
  resolved "https://registry.yarnpkg.com/nanoid/-/nanoid-3.3.4.tgz#730b67e3cd09e2deacf03c027c81c9d9dbc5e8ab"
  integrity sha512-MqBkQh/OHTS2egovRtLk45wEyNXwF+cokD+1YPf9u5VfJiRdAiRwB2froX5Co9Rh20xs4siNPm8naNotSD6RBw==

next@13.0.2:
  version "13.0.2"
  resolved "https://registry.yarnpkg.com/next/-/next-13.0.2.tgz#b8c8642c70f736ed91105645391d335fc51c8f62"
  integrity sha512-uQ5z5e4D9mOe8+upy6bQdYYjo/kk1v3jMW87kTy2TgAyAsEO+CkwRnMgyZ4JoHEnhPZLHwh7dk0XymRNLe1gFw==
  dependencies:
    "@next/env" "13.0.2"
    "@swc/helpers" "0.4.11"
    caniuse-lite "^1.0.30001406"
    postcss "8.4.14"
    styled-jsx "5.1.0"
    use-sync-external-store "1.2.0"
  optionalDependencies:
    "@next/swc-android-arm-eabi" "13.0.2"
    "@next/swc-android-arm64" "13.0.2"
    "@next/swc-darwin-arm64" "13.0.2"
    "@next/swc-darwin-x64" "13.0.2"
    "@next/swc-freebsd-x64" "13.0.2"
    "@next/swc-linux-arm-gnueabihf" "13.0.2"
    "@next/swc-linux-arm64-gnu" "13.0.2"
    "@next/swc-linux-arm64-musl" "13.0.2"
    "@next/swc-linux-x64-gnu" "13.0.2"
    "@next/swc-linux-x64-musl" "13.0.2"
    "@next/swc-win32-arm64-msvc" "13.0.2"
    "@next/swc-win32-ia32-msvc" "13.0.2"
    "@next/swc-win32-x64-msvc" "13.0.2"

normalize-path@^3.0.0, normalize-path@~3.0.0:
  version "3.0.0"
  resolved "https://registry.yarnpkg.com/normalize-path/-/normalize-path-3.0.0.tgz#0dcd69ff23a1c9b11fd0978316644a0388216a65"
  integrity sha512-6eZs5Ls3WtCisHWp9S2GUy8dqkpGi4BVSz3GaqiE6ezub0512ESztXUwUB6C6IKbQkY2Pnb/mD4WYojCRwcwLA==

picocolors@^1.0.0:
  version "1.0.0"
  resolved "https://registry.yarnpkg.com/picocolors/-/picocolors-1.0.0.tgz#cb5bdc74ff3f51892236eaf79d68bc44564ab81c"
  integrity sha512-1fygroTLlHu66zi26VoTDv8yRgm0Fccecssto+MhsZ0D/DGW2sm8E8AjW7NU5VVTRt5GxbeZ5qBuJr+HyLYkjQ==

picomatch@^2.0.4, picomatch@^2.2.1:
  version "2.3.1"
  resolved "https://registry.yarnpkg.com/picomatch/-/picomatch-2.3.1.tgz#3ba3833733646d9d3e4995946c1365a67fb07a42"
  integrity sha512-JU3teHTNjmE2VCGFzuY8EXzCDVwEqB2a8fsIvwaStHhAWJEeVd1o1QD80CU6+ZdEXXSLbSsuLwJjkCBWqRQUVA==

postcss@8.4.14:
  version "8.4.14"
  resolved "https://registry.yarnpkg.com/postcss/-/postcss-8.4.14.tgz#ee9274d5622b4858c1007a74d76e42e56fd21caf"
  integrity sha512-E398TUmfAYFPBSdzgeieK2Y1+1cpdxJx8yXbK/m57nRhKSmk1GB2tO4lbLBtlkfPQTDKfe4Xqv1ASWPpayPEig==
  dependencies:
    nanoid "^3.3.4"
    picocolors "^1.0.0"
    source-map-js "^1.0.2"

react-dom@18.2.0:
  version "18.2.0"
  resolved "https://registry.yarnpkg.com/react-dom/-/react-dom-18.2.0.tgz#22aaf38708db2674ed9ada224ca4aa708d821e3d"
  integrity sha512-6IMTriUmvsjHUjNtEDudZfuDQUoWXVxKHhlEGSk81n4YFS+r/Kl99wXiwlVXtPBtJenozv2P+hxDsw9eA7Xo6g==
  dependencies:
    loose-envify "^1.1.0"
    scheduler "^0.23.0"

react@18.2.0:
  version "18.2.0"
  resolved "https://registry.yarnpkg.com/react/-/react-18.2.0.tgz#555bd98592883255fa00de14f1151a917b5d77d5"
  integrity sha512-/3IjMdb2L9QbBdWiW5e3P2/npwMBaU9mHCSCUzNln0ZCYbcfTsGbTJrU/kGemdH2IWmB2ioZ+zkxtmq6g09fGQ==
  dependencies:
    loose-envify "^1.1.0"

readdirp@~3.6.0:
  version "3.6.0"
  resolved "https://registry.yarnpkg.com/readdirp/-/readdirp-3.6.0.tgz#74a370bd857116e245b29cc97340cd431a02a6c7"
  integrity sha512-hOS089on8RduqdbhvQ5Z37A0ESjsqz6qnRcffsMU3495FuTdqSm+7bhJ29JvIOsBDEEnan5DPu9t3To9VRlMzA==
  dependencies:
    picomatch "^2.2.1"

regenerator-runtime@^0.13.10:
  version "0.13.10"
  resolved "https://registry.yarnpkg.com/regenerator-runtime/-/regenerator-runtime-0.13.10.tgz#ed07b19616bcbec5da6274ebc75ae95634bfc2ee"
  integrity sha512-KepLsg4dU12hryUO7bp/axHAKvwGOCV0sGloQtpagJ12ai+ojVDqkeGSiRX1zlq+kjIMZ1t7gpze+26QqtdGqw==

sass@^1.56.0:
  version "1.56.0"
  resolved "https://registry.yarnpkg.com/sass/-/sass-1.56.0.tgz#134032075a3223c8d49cb5c35e091e5ba1de8e0a"
  integrity sha512-WFJ9XrpkcnqZcYuLRJh5qiV6ibQOR4AezleeEjTjMsCocYW59dEG19U3fwTTXxzi2Ed3yjPBp727hbbj53pHFw==
  dependencies:
    chokidar ">=3.0.0 <4.0.0"
    immutable "^4.0.0"
    source-map-js ">=0.6.2 <2.0.0"

scheduler@^0.23.0:
  version "0.23.0"
  resolved "https://registry.yarnpkg.com/scheduler/-/scheduler-0.23.0.tgz#ba8041afc3d30eb206a487b6b384002e4e61fdfe"
  integrity sha512-CtuThmgHNg7zIZWAXi3AsyIzA3n4xx7aNyjwC2VJldO2LMVDhFK+63xGqq6CsJH4rTAt6/M+N4GhZiDYPx9eUw==
  dependencies:
    loose-envify "^1.1.0"

"source-map-js@>=0.6.2 <2.0.0", source-map-js@^1.0.2:
  version "1.0.2"
  resolved "https://registry.yarnpkg.com/source-map-js/-/source-map-js-1.0.2.tgz#adbc361d9c62df380125e7f161f71c826f1e490c"
  integrity sha512-R0XvVJ9WusLiqTCEiGCmICCMplcCkIwwR11mOSD9CR5u+IXYdiseeEuXCVAjS54zqwkLcPNnmU4OeJ6tUrWhDw==

styled-jsx@5.1.0:
  version "5.1.0"
  resolved "https://registry.yarnpkg.com/styled-jsx/-/styled-jsx-5.1.0.tgz#4a5622ab9714bd3fcfaeec292aa555871f057563"
  integrity sha512-/iHaRJt9U7T+5tp6TRelLnqBqiaIT0HsO0+vgyj8hK2KUk7aejFqRrumqPUlAqDwAj8IbS/1hk3IhBAAK/FCUQ==
  dependencies:
    client-only "0.0.1"

to-regex-range@^5.0.1:
  version "5.0.1"
  resolved "https://registry.yarnpkg.com/to-regex-range/-/to-regex-range-5.0.1.tgz#1648c44aae7c8d988a326018ed72f5b4dd0392e4"
  integrity sha512-65P7iz6X5yEr1cwcgvQxbbIw7Uk3gOy5dIdtZ4rDveLqhrdJP+Li/Hx6tyK0NEb+2GCyneCMJiGqrADCSNk8sQ==
  dependencies:
    is-number "^7.0.0"

tslib@^2.4.0:
  version "2.4.1"
  resolved "https://registry.yarnpkg.com/tslib/-/tslib-2.4.1.tgz#0d0bfbaac2880b91e22df0768e55be9753a5b17e"
  integrity sha512-tGyy4dAjRIEwI7BzsB0lynWgOpfqjUdq91XXAlIWD2OwKBH7oCl/GZG/HT4BOHrTlPMOASlMQ7veyTqpmRcrNA==

typescript@4.8.4:
  version "4.8.4"
  resolved "https://registry.yarnpkg.com/typescript/-/typescript-4.8.4.tgz#c464abca159669597be5f96b8943500b238e60e6"
  integrity sha512-QCh+85mCy+h0IGff8r5XWzOVSbBO+KfeYrMQh7NJ58QujwcE22u+NUSmUxqF+un70P9GXKxa2HCNiTTMJknyjQ==

use-isomorphic-layout-effect@^1.1.1:
  version "1.1.2"
  resolved "https://registry.yarnpkg.com/use-isomorphic-layout-effect/-/use-isomorphic-layout-effect-1.1.2.tgz#497cefb13d863d687b08477d9e5a164ad8c1a6fb"
  integrity sha512-49L8yCO3iGT/ZF9QttjwLF/ZD9Iwto5LnH5LmEdk/6cFmXddqi2ulF0edxTwjj+7mqvpVVGQWvbXZdn32wRSHA==

use-sync-external-store@1.2.0:
  version "1.2.0"
  resolved "https://registry.yarnpkg.com/use-sync-external-store/-/use-sync-external-store-1.2.0.tgz#7dbefd6ef3fe4e767a0cf5d7287aacfb5846928a"
  integrity sha512-eEgnFxGQ1Ife9bzYs6VLi8/4X6CObHMw9Qr9tPY43iKwsPw8xE8+EFsf/2cFZ5S3esXgpWgtSCtLNS41F+sKPA==
